
Microsoft Visual Studio Solution File, Format Version 12.00
# Visual Studio Version 16
VisualStudioVersion = 16.0.33130.400
MinimumVisualStudioVersion = 10.0.40219.1
Project("{FAE04EC0-301F-11D3-BF4B-00C04F79EFBC}") = "btl", "btl\btl.csproj", "{71D61511-DD85-478F-BCC9-BBE45B82D917}"
EndProject
Global
	GlobalSection(SolutionConfigurationPlatforms) = preSolution
		Debug|Any CPU = Debug|Any CPU
		Release|Any CPU = Release|Any CPU
	EndGlobalSection
	GlobalSection(ProjectConfigurationPlatforms) = postSolution
		{71D61511-DD85-478F-BCC9-BBE45B82D917}.Debug|Any CPU.ActiveCfg = Debug|Any CPU
		{71D61511-DD85-478F-BCC9-BBE45B82D917}.Debug|Any CPU.Build.0 = Debug|Any CPU
		{71D61511-DD85-478F-BCC9-BBE45B82D917}.Release|Any CPU.ActiveCfg = Release|Any CPU
		{71D61511-DD85-478F-BCC9-BBE45B82D917}.Release|Any CPU.Build.0 = Release|Any CPU
	EndGlobalSection
	GlobalSection(SolutionProperties) = preSolution
		HideSolutionNode = FALSE
	EndGlobalSection
	GlobalSection(ExtensibilityGlobals) = postSolution
		SolutionGuid = {53B2C3B3-DCFE-4555-82B5-59D4151F853D}
	EndGlobalSection
EndGlobal
